{
  "requires": true,
  "lockfileVersion": 1,
  "dependencies": {
    "datatables.net": {
      "version": "1.10.21",
      "resolved": "https://registry.npmjs.org/datatables.net/-/datatables.net-1.10.21.tgz",
      "integrity": "sha512-/bSZtxmf3GTpYcvEmwZ8q26I1yhSx8qklR2B+s1K8+/51UW/zc2zTYwJMqr/Z+iCYixAc00ildj4g2x0Qamolw==",
      "requires": {
        "jquery": ">=1.7"
      }
    },
    "datatables.net-bs4": {
      "version": "1.10.21",
      "resolved": "https://registry.npmjs.org/datatables.net-bs4/-/datatables.net-bs4-1.10.21.tgz",
      "integrity": "sha512-F9zabYw8ZLXfjvj2S+BdnbkEUsL48bJwWxQFrA47cOXrIvsMhW8nmqPZcIMK4ko3k1i74nbpWLO1t+vueQKoXQ==",
      "requires": {
        "datatables.net": "1.10.21",
        "jquery": ">=1.7"
      }
    },
    "datatables.net-buttons": {
      "version": "1.6.2",
      "resolved": "https://registry.npmjs.org/datatables.net-buttons/-/datatables.net-buttons-1.6.2.tgz",
      "integrity": "sha512-0sKWBBwtCCECRc4T+fUDhFCJv9miLPrB90QsVYq4ep0hIMuWiW76+eCdykZq5yd/3m7K1O+ryt9c7PahBDf91g==",
      "requires": {
        "datatables.net": "^1.10.15",
        "jquery": ">=1.7"
      }
    },
    "datatables.net-buttons-bs4": {
      "version": "1.6.2",
      "resolved": "https://registry.npmjs.org/datatables.net-buttons-bs4/-/datatables.net-buttons-bs4-1.6.2.tgz",
      "integrity": "sha512-v3K2rK4FZAKTUL/M0B3Mm+FlDPszR4sZGqoOdwP3/dinFUQ63oQE/e4O5Mpxf9yuV0gxKUlTHmUBk/QB8k43FQ==",
      "requires": {
        "datatables.net-bs4": "^1.10.15",
        "datatables.net-buttons": "1.6.2",
        "jquery": ">=1.7"
      }
    },
    "datatables.net-colreorder": {
      "version": "1.5.2",
      "resolved": "https://registry.npmjs.org/datatables.net-colreorder/-/datatables.net-colreorder-1.5.2.tgz",
      "integrity": "sha512-77ShdeM7QjKI6M1jfWQ4ZempSYMmmpe9NqjimHBp+o9lAto789YdCLiFrW71dwn1v8Awp4qcMShqHNxGzR/HVg==",
      "requires": {
        "datatables.net": "^1.10.15",
        "jquery": ">=1.7"
      }
    },
    "datatables.net-colreorder-bs4": {
      "version": "1.5.2",
      "resolved": "https://registry.npmjs.org/datatables.net-colreorder-bs4/-/datatables.net-colreorder-bs4-1.5.2.tgz",
      "integrity": "sha512-L5omHV0agczRZwR9eismTOq+/9/glQqZUeRfigEc+5oMKLnubJkVHQLOanY2duDl3stvsZ6ebWbXWEh6tndgDg==",
      "requires": {
        "datatables.net-bs4": "^1.10.15",
        "datatables.net-colreorder": "1.5.2",
        "jquery": ">=1.7"
      }
    },
    "datatables.net-fixedcolumns": {
      "version": "3.3.1",
      "resolved": "https://registry.npmjs.org/datatables.net-fixedcolumns/-/datatables.net-fixedcolumns-3.3.1.tgz",
      "integrity": "sha512-r5zbISAo7XBDZVivor5Hj1Jg9hbpFxbD+H6tJFJLdGJXUA2BSTddA70DBBEM9jwj7Zjts/dnfROwflWl3DfZJw==",
      "requires": {
        "datatables.net": "^1.10.15",
        "jquery": ">=1.7"
      }
    },
    "datatables.net-fixedcolumns-bs4": {
      "version": "3.3.1",
      "resolved": "https://registry.npmjs.org/datatables.net-fixedcolumns-bs4/-/datatables.net-fixedcolumns-bs4-3.3.1.tgz",
      "integrity": "sha512-6k4IGPmo44gBFNvelOan7JWLISNjGUzwOa2l0UqNFS7Ms2SfgipykHBAvrMOm86Fuw2YRlk2HF5X815PXDYmLw==",
      "requires": {
        "datatables.net-bs4": "^1.10.15",
        "datatables.net-fixedcolumns": "3.3.1",
        "jquery": ">=1.7"
      }
    },
    "datatables.net-fixedheader": {
      "version": "3.1.7",
      "resolved": "https://registry.npmjs.org/datatables.net-fixedheader/-/datatables.net-fixedheader-3.1.7.tgz",
      "integrity": "sha512-WN2UFDn/i/6NAXMjyfd67Yfwm5lIdP8e1N1rBqQ30izZ8IituJKDFffVTi0y5S3SiwZzCpKFRvdLEehFtCaQng==",
      "requires": {
        "datatables.net": "^1.10.15",
        "jquery": ">=1.7"
      }
    },
    "datatables.net-fixedheader-bs4": {
      "version": "3.1.7",
      "resolved": "https://registry.npmjs.org/datatables.net-fixedheader-bs4/-/datatables.net-fixedheader-bs4-3.1.7.tgz",
      "integrity": "sha512-ahaiBOJ7OeJSMLUll7zXA03j1dvuHC3BvlCQhDZkG+vDrfGFdldd6zOhjPRdHZpmLArGGB6V270Rml8Yst3opg==",
      "requires": {
        "datatables.net-bs4": "^1.10.15",
        "datatables.net-fixedheader": "3.1.7",
        "jquery": ">=1.7"
      }
    },
    "datatables.net-responsive": {
      "version": "2.2.5",
      "resolved": "https://registry.npmjs.org/datatables.net-responsive/-/datatables.net-responsive-2.2.5.tgz",
      "integrity": "sha512-AuF28BJRQWfke0cwZwgJB5+WHgoDCDAnW59TJWX4JAXYes3iFrJA6mNHWw46Up3bqUJVI2ZxJoKTGpoEHm5hNA==",
      "requires": {
        "datatables.net": "^1.10.15",
        "jquery": ">=1.7"
      }
    },
    "datatables.net-responsive-bs4": {
      "version": "2.2.5",
      "resolved": "https://registry.npmjs.org/datatables.net-responsive-bs4/-/datatables.net-responsive-bs4-2.2.5.tgz",
      "integrity": "sha512-ufUywwBDAyBbUsRJ/QAp6aSSVlZLnNy7BI9cJswqC0y+Si4hwLUTz22kbeoJuCERASPs0aLcx2MaYiKnQi/Euw==",
      "requires": {
        "datatables.net-bs4": "^1.10.15",
        "datatables.net-responsive": "2.2.5",
        "jquery": ">=1.7"
      }
    },
    "datatables.net-scroller": {
      "version": "2.0.2",
      "resolved": "https://registry.npmjs.org/datatables.net-scroller/-/datatables.net-scroller-2.0.2.tgz",
      "integrity": "sha512-O0x2fCXA5j54qqgSrsdk9cTWc0c2Na/IMOnNdRAC57vHTDWyPDRWIJ62/RkM2JGgFjgk/deMMOKkddr0yhvzPA==",
      "requires": {
        "datatables.net": "^1.10.15",
        "jquery": ">=1.7"
      }
    },
    "datatables.net-scroller-bs4": {
      "version": "2.0.2",
      "resolved": "https://registry.npmjs.org/datatables.net-scroller-bs4/-/datatables.net-scroller-bs4-2.0.2.tgz",
      "integrity": "sha512-fjvv7vz5XmXkkskWF8RM9ItX6CGZ+bIDx1ZNDMEyoZSrYyUtpHLHSIFVdk3d17Nt0xXuMwhEH5TH1PJuiEjvpg==",
      "requires": {
        "datatables.net-bs4": "^1.10.15",
        "datatables.net-scroller": "2.0.2",
        "jquery": ">=1.7"
      }
    },
    "jquery": {
      "version": "3.5.1",
      "resolved": "https://registry.npmjs.org/jquery/-/jquery-3.5.1.tgz",
      "integrity": "sha512-XwIBPqcMn57FxfT+Go5pzySnm4KWkT1Tv7gjrpT1srtf8Weynl6R273VJ5GjkRb51IzMp5nbaPjJXMWeju2MKg=="
    }
  }
}
